
Microsoft Visual Studio Solution File, Format Version 11.00
# Visual Studio 2010
Project("{8BC9CEB8-8B4A-11D0-8D11-00A0C91BC942}") = "2 File Display Program", "2 File Display Program\2 File Display Program.vcxproj", "{ADB3AD8A-DFD4-40A9-8B67-E2DFE554BC4A}"
EndProject
Global
	GlobalSection(SolutionConfigurationPlatforms) = preSolution
		Debug|Win32 = Debug|Win32
		Release|Win32 = Release|Win32
	EndGlobalSection
	GlobalSection(ProjectConfigurationPlatforms) = postSolution
		{ADB3AD8A-DFD4-40A9-8B67-E2DFE554BC4A}.Debug|Win32.ActiveCfg = Debug|Win32
		{ADB3AD8A-DFD4-40A9-8B67-E2DFE554BC4A}.Debug|Win32.Build.0 = Debug|Win32
		{ADB3AD8A-DFD4-40A9-8B67-E2DFE554BC4A}.Release|Win32.ActiveCfg = Release|Win32
		{ADB3AD8A-DFD4-40A9-8B67-E2DFE554BC4A}.Release|Win32.Build.0 = Release|Win32
	EndGlobalSection
	GlobalSection(SolutionProperties) = preSolution
		HideSolutionNode = FALSE
	EndGlobalSection
EndGlobal
