
Microsoft Visual Studio Solution File, Format Version 12.00
# Visual Studio 14
VisualStudioVersion = 14.0.23107.0
MinimumVisualStudioVersion = 10.0.40219.1
Project("{8BC9CEB8-8B4A-11D0-8D11-00A0C91BC942}") = "6 Vowels and Consonants", "6 Vowels and Consonants\6 Vowels and Consonants.vcxproj", "{EE08073E-C2C8-4C8D-9647-D53C797E59E8}"
EndProject
Global
	GlobalSection(SolutionConfigurationPlatforms) = preSolution
		Debug|x64 = Debug|x64
		Debug|x86 = Debug|x86
		Release|x64 = Release|x64
		Release|x86 = Release|x86
	EndGlobalSection
	GlobalSection(ProjectConfigurationPlatforms) = postSolution
		{EE08073E-C2C8-4C8D-9647-D53C797E59E8}.Debug|x64.ActiveCfg = Debug|x64
		{EE08073E-C2C8-4C8D-9647-D53C797E59E8}.Debug|x64.Build.0 = Debug|x64
		{EE08073E-C2C8-4C8D-9647-D53C797E59E8}.Debug|x86.ActiveCfg = Debug|Win32
		{EE08073E-C2C8-4C8D-9647-D53C797E59E8}.Debug|x86.Build.0 = Debug|Win32
		{EE08073E-C2C8-4C8D-9647-D53C797E59E8}.Release|x64.ActiveCfg = Release|x64
		{EE08073E-C2C8-4C8D-9647-D53C797E59E8}.Release|x64.Build.0 = Release|x64
		{EE08073E-C2C8-4C8D-9647-D53C797E59E8}.Release|x86.ActiveCfg = Release|Win32
		{EE08073E-C2C8-4C8D-9647-D53C797E59E8}.Release|x86.Build.0 = Release|Win32
	EndGlobalSection
	GlobalSection(SolutionProperties) = preSolution
		HideSolutionNode = FALSE
	EndGlobalSection
EndGlobal
