
Microsoft Visual Studio Solution File, Format Version 11.00
# Visual Studio 2010
Project("{8BC9CEB8-8B4A-11D0-8D11-00A0C91BC942}") = "23 Geometry Calculator", "23 Geometry Calculator\23 Geometry Calculator.vcxproj", "{796CC1F4-EEE5-4662-89EB-29DFC10400D5}"
EndProject
Global
	GlobalSection(SolutionConfigurationPlatforms) = preSolution
		Debug|Win32 = Debug|Win32
		Release|Win32 = Release|Win32
	EndGlobalSection
	GlobalSection(ProjectConfigurationPlatforms) = postSolution
		{796CC1F4-EEE5-4662-89EB-29DFC10400D5}.Debug|Win32.ActiveCfg = Debug|Win32
		{796CC1F4-EEE5-4662-89EB-29DFC10400D5}.Debug|Win32.Build.0 = Debug|Win32
		{796CC1F4-EEE5-4662-89EB-29DFC10400D5}.Release|Win32.ActiveCfg = Release|Win32
		{796CC1F4-EEE5-4662-89EB-29DFC10400D5}.Release|Win32.Build.0 = Release|Win32
	EndGlobalSection
	GlobalSection(SolutionProperties) = preSolution
		HideSolutionNode = FALSE
	EndGlobalSection
EndGlobal
