
Microsoft Visual Studio Solution File, Format Version 11.00
# Visual Studio 2010
Project("{8BC9CEB8-8B4A-11D0-8D11-00A0C91BC942}") = "Sort", "Sort\Sort.vcxproj", "{088F9AE8-C4EE-48FB-A391-C678EF396B39}"
EndProject
Global
	GlobalSection(SolutionConfigurationPlatforms) = preSolution
		Debug|Win32 = Debug|Win32
		Release|Win32 = Release|Win32
	EndGlobalSection
	GlobalSection(ProjectConfigurationPlatforms) = postSolution
		{088F9AE8-C4EE-48FB-A391-C678EF396B39}.Debug|Win32.ActiveCfg = Debug|Win32
		{088F9AE8-C4EE-48FB-A391-C678EF396B39}.Debug|Win32.Build.0 = Debug|Win32
		{088F9AE8-C4EE-48FB-A391-C678EF396B39}.Release|Win32.ActiveCfg = Release|Win32
		{088F9AE8-C4EE-48FB-A391-C678EF396B39}.Release|Win32.Build.0 = Release|Win32
	EndGlobalSection
	GlobalSection(SolutionProperties) = preSolution
		HideSolutionNode = FALSE
	EndGlobalSection
EndGlobal
