
Microsoft Visual Studio Solution File, Format Version 11.00
# Visual Studio 2010
Project("{8BC9CEB8-8B4A-11D0-8D11-00A0C91BC942}") = "19 Spectral Analysis", "19 Spectral Analysis\19 Spectral Analysis.vcxproj", "{9234B208-CBB5-4E5B-B0D7-FA6F8E41A223}"
EndProject
Global
	GlobalSection(SolutionConfigurationPlatforms) = preSolution
		Debug|Win32 = Debug|Win32
		Release|Win32 = Release|Win32
	EndGlobalSection
	GlobalSection(ProjectConfigurationPlatforms) = postSolution
		{9234B208-CBB5-4E5B-B0D7-FA6F8E41A223}.Debug|Win32.ActiveCfg = Debug|Win32
		{9234B208-CBB5-4E5B-B0D7-FA6F8E41A223}.Debug|Win32.Build.0 = Debug|Win32
		{9234B208-CBB5-4E5B-B0D7-FA6F8E41A223}.Release|Win32.ActiveCfg = Release|Win32
		{9234B208-CBB5-4E5B-B0D7-FA6F8E41A223}.Release|Win32.Build.0 = Release|Win32
	EndGlobalSection
	GlobalSection(SolutionProperties) = preSolution
		HideSolutionNode = FALSE
	EndGlobalSection
EndGlobal
