
Microsoft Visual Studio Solution File, Format Version 11.00
# Visual Studio 2010
Project("{8BC9CEB8-8B4A-11D0-8D11-00A0C91BC942}") = "2 Stadium Seating", "2 Stadium Seating\2 Stadium Seating.vcxproj", "{6ED056A6-D38A-4C5C-8045-27D5CB14FA43}"
EndProject
Global
	GlobalSection(SolutionConfigurationPlatforms) = preSolution
		Debug|Win32 = Debug|Win32
		Release|Win32 = Release|Win32
	EndGlobalSection
	GlobalSection(ProjectConfigurationPlatforms) = postSolution
		{6ED056A6-D38A-4C5C-8045-27D5CB14FA43}.Debug|Win32.ActiveCfg = Debug|Win32
		{6ED056A6-D38A-4C5C-8045-27D5CB14FA43}.Debug|Win32.Build.0 = Debug|Win32
		{6ED056A6-D38A-4C5C-8045-27D5CB14FA43}.Release|Win32.ActiveCfg = Release|Win32
		{6ED056A6-D38A-4C5C-8045-27D5CB14FA43}.Release|Win32.Build.0 = Release|Win32
	EndGlobalSection
	GlobalSection(SolutionProperties) = preSolution
		HideSolutionNode = FALSE
	EndGlobalSection
EndGlobal
