
Microsoft Visual Studio Solution File, Format Version 11.00
# Visual Studio 2010
Project("{8BC9CEB8-8B4A-11D0-8D11-00A0C91BC942}") = "11 Math Tutor", "11 Math Tutor\11 Math Tutor.vcxproj", "{7810624C-F9F2-4B23-8D17-71F05BE1DDBF}"
EndProject
Global
	GlobalSection(SolutionConfigurationPlatforms) = preSolution
		Debug|Win32 = Debug|Win32
		Release|Win32 = Release|Win32
	EndGlobalSection
	GlobalSection(ProjectConfigurationPlatforms) = postSolution
		{7810624C-F9F2-4B23-8D17-71F05BE1DDBF}.Debug|Win32.ActiveCfg = Debug|Win32
		{7810624C-F9F2-4B23-8D17-71F05BE1DDBF}.Debug|Win32.Build.0 = Debug|Win32
		{7810624C-F9F2-4B23-8D17-71F05BE1DDBF}.Release|Win32.ActiveCfg = Release|Win32
		{7810624C-F9F2-4B23-8D17-71F05BE1DDBF}.Release|Win32.Build.0 = Release|Win32
	EndGlobalSection
	GlobalSection(SolutionProperties) = preSolution
		HideSolutionNode = FALSE
	EndGlobalSection
EndGlobal
