
Microsoft Visual Studio Solution File, Format Version 11.00
# Visual Studio 2010
Project("{8BC9CEB8-8B4A-11D0-8D11-00A0C91BC942}") = "14 Inventory Bins", "14 Inventory Bins\14 Inventory Bins.vcxproj", "{87C46FB8-C25B-4FA4-B7A9-2FFBF9EBE2A3}"
EndProject
Global
	GlobalSection(SolutionConfigurationPlatforms) = preSolution
		Debug|Win32 = Debug|Win32
		Release|Win32 = Release|Win32
	EndGlobalSection
	GlobalSection(ProjectConfigurationPlatforms) = postSolution
		{87C46FB8-C25B-4FA4-B7A9-2FFBF9EBE2A3}.Debug|Win32.ActiveCfg = Debug|Win32
		{87C46FB8-C25B-4FA4-B7A9-2FFBF9EBE2A3}.Debug|Win32.Build.0 = Debug|Win32
		{87C46FB8-C25B-4FA4-B7A9-2FFBF9EBE2A3}.Release|Win32.ActiveCfg = Release|Win32
		{87C46FB8-C25B-4FA4-B7A9-2FFBF9EBE2A3}.Release|Win32.Build.0 = Release|Win32
	EndGlobalSection
	GlobalSection(SolutionProperties) = preSolution
		HideSolutionNode = FALSE
	EndGlobalSection
EndGlobal
